// !$*UTF8*$!
{
	archiveVersion = 1;
	classes = {
	};
	objectVersion = 46;
	objects = {

/* Begin PBXBuildFile section */
		090CE4861E9008F1001C5DED /* NewsTitle+CoreDataClass.swift in Sources */ = {isa = PBXBuildFile; fileRef = 090CE4821E9008F1001C5DED /* NewsTitle+CoreDataClass.swift */; };
		090CE4871E9008F1001C5DED /* NewsTitle+CoreDataProperties.swift in Sources */ = {isa = PBXBuildFile; fileRef = 090CE4831E9008F1001C5DED /* NewsTitle+CoreDataProperties.swift */; };
		090CE4881E9008F1001C5DED /* NewsRecord+CoreDataClass.swift in Sources */ = {isa = PBXBuildFile; fileRef = 090CE4841E9008F1001C5DED /* NewsRecord+CoreDataClass.swift */; };
		090CE4891E9008F1001C5DED /* NewsRecord+CoreDataProperties.swift in Sources */ = {isa = PBXBuildFile; fileRef = 090CE4851E9008F1001C5DED /* NewsRecord+CoreDataProperties.swift */; };
		090CE4921E9135C2001C5DED /* FetchedResultsControllerDataSource.swift in Sources */ = {isa = PBXBuildFile; fileRef = 090CE4911E9135C2001C5DED /* FetchedResultsControllerDataSource.swift */; };
		09334E591E7E9BBD00F550B2 /* Assets.xcassets in Resources */ = {isa = PBXBuildFile; fileRef = 09334E581E7E9BBD00F550B2 /* Assets.xcassets */; };
		09334E6D1E7EB43200F550B2 /* NewsListViewController.swift in Sources */ = {isa = PBXBuildFile; fileRef = 09334E6C1E7EB43200F550B2 /* NewsListViewController.swift */; };
		09334E6F1E7EC35500F550B2 /* NewsServiceImplementation.swift in Sources */ = {isa = PBXBuildFile; fileRef = 09334E6E1E7EC35500F550B2 /* NewsServiceImplementation.swift */; };
		093C42FC1EAF378F00F9C666 /* Parser.swift in Sources */ = {isa = PBXBuildFile; fileRef = 093C42FB1EAF378F00F9C666 /* Parser.swift */; };
		093C43001EAF37BA00F9C666 /* ErrorHandler.swift in Sources */ = {isa = PBXBuildFile; fileRef = 093C42FF1EAF37BA00F9C666 /* ErrorHandler.swift */; };
		093C43021EAF386200F9C666 /* AppDelegate.swift in Sources */ = {isa = PBXBuildFile; fileRef = 093C43011EAF386200F9C666 /* AppDelegate.swift */; };
		093C43061EAF387A00F9C666 /* String+html.swift in Sources */ = {isa = PBXBuildFile; fileRef = 093C43051EAF387A00F9C666 /* String+html.swift */; };
		093C430B1EAF38BC00F9C666 /* Transport.swift in Sources */ = {isa = PBXBuildFile; fileRef = 093C43091EAF38BC00F9C666 /* Transport.swift */; };
		093C430F1EAF390900F9C666 /* CoreDataStack.swift in Sources */ = {isa = PBXBuildFile; fileRef = 093C430E1EAF390900F9C666 /* CoreDataStack.swift */; };
		093C43111EAF393F00F9C666 /* NewsCellViewModel.swift in Sources */ = {isa = PBXBuildFile; fileRef = 093C43101EAF393F00F9C666 /* NewsCellViewModel.swift */; };
		093C43151EAF3AEC00F9C666 /* NewsListParser.swift in Sources */ = {isa = PBXBuildFile; fileRef = 093C43141EAF3AEC00F9C666 /* NewsListParser.swift */; };
		093C43171EAF3B3300F9C666 /* NewsDetailParser.swift in Sources */ = {isa = PBXBuildFile; fileRef = 093C43161EAF3B3300F9C666 /* NewsDetailParser.swift */; };
		093C431A1EAF3C5100F9C666 /* ErrorHandlerImplementation.swift in Sources */ = {isa = PBXBuildFile; fileRef = 093C43191EAF3C5100F9C666 /* ErrorHandlerImplementation.swift */; };
		093C431D1EAF418200F9C666 /* SessionManager.swift in Sources */ = {isa = PBXBuildFile; fileRef = 093C431C1EAF418200F9C666 /* SessionManager.swift */; };
		093C43201EAF514F00F9C666 /* RequestRouter.swift in Sources */ = {isa = PBXBuildFile; fileRef = 093C431F1EAF514F00F9C666 /* RequestRouter.swift */; };
		096879121E882B63006120BC /* NewsDetailViewController.swift in Sources */ = {isa = PBXBuildFile; fileRef = 096879111E882B63006120BC /* NewsDetailViewController.swift */; };
		096879161E883F5B006120BC /* NewsTableViewCell.swift in Sources */ = {isa = PBXBuildFile; fileRef = 096879151E883F5B006120BC /* NewsTableViewCell.swift */; };
		09718B261EAF8CE60064CB4D /* TestAssignment_1.xcdatamodeld in Sources */ = {isa = PBXBuildFile; fileRef = 09718B241EAF8CE60064CB4D /* TestAssignment_1.xcdatamodeld */; };
		09BC77941EAF8F700049D1E0 /* LaunchScreen.storyboard in Resources */ = {isa = PBXBuildFile; fileRef = 09718B1E1EAF8CBF0064CB4D /* LaunchScreen.storyboard */; };
		09BC77951EAF8F730049D1E0 /* Main.storyboard in Resources */ = {isa = PBXBuildFile; fileRef = 09718B211EAF8CCA0064CB4D /* Main.storyboard */; };
		09EC10341EAE9A4D001E861F /* NewsService.swift in Sources */ = {isa = PBXBuildFile; fileRef = 09EC10331EAE9A4D001E861F /* NewsService.swift */; };
		E618E4A75087182821A218D8 /* Pods_TestAssignment_1.framework in Frameworks */ = {isa = PBXBuildFile; fileRef = 17552389210129C50DC3ABB8 /* Pods_TestAssignment_1.framework */; };
/* End PBXBuildFile section */

/* Begin PBXFileReference section */
		0153AD77117890D602A0DD8D /* Pods-TestAssignment-1.release.xcconfig */ = {isa = PBXFileReference; includeInIndex = 1; lastKnownFileType = text.xcconfig; name = "Pods-TestAssignment-1.release.xcconfig"; path = "Pods/Target Support Files/Pods-TestAssignment-1/Pods-TestAssignment-1.release.xcconfig"; sourceTree = "<group>"; };
		090CE4821E9008F1001C5DED /* NewsTitle+CoreDataClass.swift */ = {isa = PBXFileReference; fileEncoding = 4; lastKnownFileType = sourcecode.swift; name = "NewsTitle+CoreDataClass.swift"; path = "Logic/CoreData/Entities/NewsTitle+CoreDataClass.swift"; sourceTree = "<group>"; };
		090CE4831E9008F1001C5DED /* NewsTitle+CoreDataProperties.swift */ = {isa = PBXFileReference; fileEncoding = 4; lastKnownFileType = sourcecode.swift; name = "NewsTitle+CoreDataProperties.swift"; path = "Logic/CoreData/Entities/NewsTitle+CoreDataProperties.swift"; sourceTree = "<group>"; };
		090CE4841E9008F1001C5DED /* NewsRecord+CoreDataClass.swift */ = {isa = PBXFileReference; fileEncoding = 4; lastKnownFileType = sourcecode.swift; name = "NewsRecord+CoreDataClass.swift"; path = "Logic/CoreData/Entities/NewsRecord+CoreDataClass.swift"; sourceTree = "<group>"; };
		090CE4851E9008F1001C5DED /* NewsRecord+CoreDataProperties.swift */ = {isa = PBXFileReference; fileEncoding = 4; lastKnownFileType = sourcecode.swift; name = "NewsRecord+CoreDataProperties.swift"; path = "Logic/CoreData/Entities/NewsRecord+CoreDataProperties.swift"; sourceTree = "<group>"; };
		090CE4911E9135C2001C5DED /* FetchedResultsControllerDataSource.swift */ = {isa = PBXFileReference; fileEncoding = 4; lastKnownFileType = sourcecode.swift; name = FetchedResultsControllerDataSource.swift; path = UI/FetchedResultsControllerDataSource.swift; sourceTree = "<group>"; };
		09334E4B1E7E9BBD00F550B2 /* TestAssignment-1.app */ = {isa = PBXFileReference; explicitFileType = wrapper.application; includeInIndex = 0; path = "TestAssignment-1.app"; sourceTree = BUILT_PRODUCTS_DIR; };
		09334E581E7E9BBD00F550B2 /* Assets.xcassets */ = {isa = PBXFileReference; lastKnownFileType = folder.assetcatalog; path = Assets.xcassets; sourceTree = "<group>"; };
		09334E641E7E9D9600F550B2 /* README */ = {isa = PBXFileReference; fileEncoding = 4; lastKnownFileType = text; path = README; sourceTree = SOURCE_ROOT; };
		09334E681E7E9DCB00F550B2 /* Backlog */ = {isa = PBXFileReference; fileEncoding = 4; lastKnownFileType = text; path = Backlog; sourceTree = "<group>"; };
		09334E6C1E7EB43200F550B2 /* NewsListViewController.swift */ = {isa = PBXFileReference; fileEncoding = 4; lastKnownFileType = sourcecode.swift; name = NewsListViewController.swift; path = UI/NewsListViewController.swift; sourceTree = "<group>"; };
		09334E6E1E7EC35500F550B2 /* NewsServiceImplementation.swift */ = {isa = PBXFileReference; fileEncoding = 4; lastKnownFileType = sourcecode.swift; name = NewsServiceImplementation.swift; path = Logic/NewsServiceImplementation.swift; sourceTree = "<group>"; };
		093C42FB1EAF378F00F9C666 /* Parser.swift */ = {isa = PBXFileReference; fileEncoding = 4; lastKnownFileType = sourcecode.swift; name = Parser.swift; path = Logic/Parser.swift; sourceTree = "<group>"; };
		093C42FF1EAF37BA00F9C666 /* ErrorHandler.swift */ = {isa = PBXFileReference; fileEncoding = 4; lastKnownFileType = sourcecode.swift; name = ErrorHandler.swift; path = Logic/ErrorHandler.swift; sourceTree = "<group>"; };
		093C43011EAF386200F9C666 /* AppDelegate.swift */ = {isa = PBXFileReference; fileEncoding = 4; lastKnownFileType = sourcecode.swift; name = AppDelegate.swift; path = Supporting/AppDelegate.swift; sourceTree = "<group>"; };
		093C43051EAF387A00F9C666 /* String+html.swift */ = {isa = PBXFileReference; fileEncoding = 4; lastKnownFileType = sourcecode.swift; name = "String+html.swift"; path = "Categories/String+html.swift"; sourceTree = "<group>"; };
		093C43091EAF38BC00F9C666 /* Transport.swift */ = {isa = PBXFileReference; fileEncoding = 4; lastKnownFileType = sourcecode.swift; name = Transport.swift; path = Logic/Transport.swift; sourceTree = "<group>"; };
		093C430E1EAF390900F9C666 /* CoreDataStack.swift */ = {isa = PBXFileReference; fileEncoding = 4; lastKnownFileType = sourcecode.swift; name = CoreDataStack.swift; path = Logic/CoreData/CoreDataStack.swift; sourceTree = "<group>"; };
		093C43101EAF393F00F9C666 /* NewsCellViewModel.swift */ = {isa = PBXFileReference; fileEncoding = 4; lastKnownFileType = sourcecode.swift; name = NewsCellViewModel.swift; path = UI/NewsCellViewModel.swift; sourceTree = "<group>"; };
		093C43141EAF3AEC00F9C666 /* NewsListParser.swift */ = {isa = PBXFileReference; fileEncoding = 4; lastKnownFileType = sourcecode.swift; name = NewsListParser.swift; path = Logic/NewsListParser.swift; sourceTree = "<group>"; };
		093C43161EAF3B3300F9C666 /* NewsDetailParser.swift */ = {isa = PBXFileReference; fileEncoding = 4; lastKnownFileType = sourcecode.swift; name = NewsDetailParser.swift; path = Logic/NewsDetailParser.swift; sourceTree = "<group>"; };
		093C43191EAF3C5100F9C666 /* ErrorHandlerImplementation.swift */ = {isa = PBXFileReference; fileEncoding = 4; lastKnownFileType = sourcecode.swift; name = ErrorHandlerImplementation.swift; path = Logic/ErrorHandlerImplementation.swift; sourceTree = "<group>"; };
		093C431C1EAF418200F9C666 /* SessionManager.swift */ = {isa = PBXFileReference; fileEncoding = 4; lastKnownFileType = sourcecode.swift; name = SessionManager.swift; path = Logic/SessionManager.swift; sourceTree = "<group>"; };
		093C431F1EAF514F00F9C666 /* RequestRouter.swift */ = {isa = PBXFileReference; fileEncoding = 4; lastKnownFileType = sourcecode.swift; name = RequestRouter.swift; path = Logic/RequestRouter.swift; sourceTree = "<group>"; };
		096879111E882B63006120BC /* NewsDetailViewController.swift */ = {isa = PBXFileReference; fileEncoding = 4; lastKnownFileType = sourcecode.swift; name = NewsDetailViewController.swift; path = UI/NewsDetailViewController.swift; sourceTree = "<group>"; };
		096879151E883F5B006120BC /* NewsTableViewCell.swift */ = {isa = PBXFileReference; fileEncoding = 4; lastKnownFileType = sourcecode.swift; name = NewsTableViewCell.swift; path = UI/NewsTableViewCell.swift; sourceTree = "<group>"; };
		09718B1F1EAF8CBF0064CB4D /* Base */ = {isa = PBXFileReference; lastKnownFileType = file.storyboard; name = Base; path = UI/Base.lproj/LaunchScreen.storyboard; sourceTree = "<group>"; };
		09718B221EAF8CCA0064CB4D /* Base */ = {isa = PBXFileReference; lastKnownFileType = file.storyboard; name = Base; path = UI/Base.lproj/Main.storyboard; sourceTree = "<group>"; };
		09718B251EAF8CE60064CB4D /* TestAssignment_1.xcdatamodel */ = {isa = PBXFileReference; lastKnownFileType = wrapper.xcdatamodel; path = TestAssignment_1.xcdatamodel; sourceTree = "<group>"; };
		09BC77911EAF8EF30049D1E0 /* Info.plist */ = {isa = PBXFileReference; fileEncoding = 4; lastKnownFileType = text.plist.xml; name = Info.plist; path = Supporting/Info.plist; sourceTree = "<group>"; };
		09EC10331EAE9A4D001E861F /* NewsService.swift */ = {isa = PBXFileReference; fileEncoding = 4; lastKnownFileType = sourcecode.swift; name = NewsService.swift; path = Logic/NewsService.swift; sourceTree = "<group>"; };
		11BE060E1537907BC8B81B3C /* Pods-TestAssignment-1.debug.xcconfig */ = {isa = PBXFileReference; includeInIndex = 1; lastKnownFileType = text.xcconfig; name = "Pods-TestAssignment-1.debug.xcconfig"; path = "Pods/Target Support Files/Pods-TestAssignment-1/Pods-TestAssignment-1.debug.xcconfig"; sourceTree = "<group>"; };
		17552389210129C50DC3ABB8 /* Pods_TestAssignment_1.framework */ = {isa = PBXFileReference; explicitFileType = wrapper.framework; includeInIndex = 0; path = Pods_TestAssignment_1.framework; sourceTree = BUILT_PRODUCTS_DIR; };
/* End PBXFileReference section */

/* Begin PBXFrameworksBuildPhase section */
		09334E481E7E9BBC00F550B2 /* Frameworks */ = {
			isa = PBXFrameworksBuildPhase;
			buildActionMask = 2147483647;
			files = (
				E618E4A75087182821A218D8 /* Pods_TestAssignment_1.framework in Frameworks */,
			);
			runOnlyForDeploymentPostprocessing = 0;
		};
/* End PBXFrameworksBuildPhase section */

/* Begin PBXGroup section */
		090CE4611E8FC611001C5DED /* CoreData */ = {
			isa = PBXGroup;
			children = (
				090CE4821E9008F1001C5DED /* NewsTitle+CoreDataClass.swift */,
				090CE4831E9008F1001C5DED /* NewsTitle+CoreDataProperties.swift */,
				090CE4841E9008F1001C5DED /* NewsRecord+CoreDataClass.swift */,
				090CE4851E9008F1001C5DED /* NewsRecord+CoreDataProperties.swift */,
				093C430E1EAF390900F9C666 /* CoreDataStack.swift */,
				09718B241EAF8CE60064CB4D /* TestAssignment_1.xcdatamodeld */,
			);
			name = CoreData;
			sourceTree = "<group>";
		};
		09334E421E7E9BBC00F550B2 = {
			isa = PBXGroup;
			children = (
				09334E641E7E9D9600F550B2 /* README */,
				09334E681E7E9DCB00F550B2 /* Backlog */,
				09334E4D1E7E9BBD00F550B2 /* TestAssignment-1 */,
				09334E4C1E7E9BBD00F550B2 /* Products */,
				FBBE12EEBF76AC2A21FD4FB9 /* Pods */,
				487370BD1BF67E0BFC9DC81F /* Frameworks */,
			);
			sourceTree = "<group>";
		};
		09334E4C1E7E9BBD00F550B2 /* Products */ = {
			isa = PBXGroup;
			children = (
				09334E4B1E7E9BBD00F550B2 /* TestAssignment-1.app */,
			);
			name = Products;
			sourceTree = "<group>";
		};
		09334E4D1E7E9BBD00F550B2 /* TestAssignment-1 */ = {
			isa = PBXGroup;
			children = (
				093C43071EAF387D00F9C666 /* Categories */,
				09334E711E7EC37900F550B2 /* UI */,
				09334E701E7EC37300F550B2 /* Logic */,
				09334E631E7E9CBB00F550B2 /* Supporting files */,
			);
			path = "TestAssignment-1";
			sourceTree = "<group>";
		};
		09334E631E7E9CBB00F550B2 /* Supporting files */ = {
			isa = PBXGroup;
			children = (
				09718B1E1EAF8CBF0064CB4D /* LaunchScreen.storyboard */,
				09334E581E7E9BBD00F550B2 /* Assets.xcassets */,
				093C43011EAF386200F9C666 /* AppDelegate.swift */,
				09BC77911EAF8EF30049D1E0 /* Info.plist */,
			);
			name = "Supporting files";
			sourceTree = "<group>";
		};
		09334E701E7EC37300F550B2 /* Logic */ = {
			isa = PBXGroup;
			children = (
				090CE4611E8FC611001C5DED /* CoreData */,
				093C431E1EAF419500F9C666 /* Transport */,
				093C43181EAF3B4C00F9C666 /* Parser */,
				093C431B1EAF3C6700F9C666 /* ErrorHandler */,
				09EC10331EAE9A4D001E861F /* NewsService.swift */,
				09334E6E1E7EC35500F550B2 /* NewsServiceImplementation.swift */,
			);
			name = Logic;
			sourceTree = "<group>";
		};
		09334E711E7EC37900F550B2 /* UI */ = {
			isa = PBXGroup;
			children = (
				09718B211EAF8CCA0064CB4D /* Main.storyboard */,
				093C43121EAF394F00F9C666 /* NewsList */,
				093C43131EAF395700F9C666 /* NewsDetail */,
			);
			name = UI;
			sourceTree = "<group>";
		};
		093C43071EAF387D00F9C666 /* Categories */ = {
			isa = PBXGroup;
			children = (
				093C43051EAF387A00F9C666 /* String+html.swift */,
			);
			name = Categories;
			sourceTree = "<group>";
		};
		093C43121EAF394F00F9C666 /* NewsList */ = {
			isa = PBXGroup;
			children = (
				09334E6C1E7EB43200F550B2 /* NewsListViewController.swift */,
				090CE4911E9135C2001C5DED /* FetchedResultsControllerDataSource.swift */,
				096879151E883F5B006120BC /* NewsTableViewCell.swift */,
				093C43101EAF393F00F9C666 /* NewsCellViewModel.swift */,
			);
			name = NewsList;
			sourceTree = "<group>";
		};
		093C43131EAF395700F9C666 /* NewsDetail */ = {
			isa = PBXGroup;
			children = (
				096879111E882B63006120BC /* NewsDetailViewController.swift */,
			);
			name = NewsDetail;
			sourceTree = "<group>";
		};
		093C43181EAF3B4C00F9C666 /* Parser */ = {
			isa = PBXGroup;
			children = (
				093C42FB1EAF378F00F9C666 /* Parser.swift */,
				093C43141EAF3AEC00F9C666 /* NewsListParser.swift */,
				093C43161EAF3B3300F9C666 /* NewsDetailParser.swift */,
			);
			name = Parser;
			sourceTree = "<group>";
		};
		093C431B1EAF3C6700F9C666 /* ErrorHandler */ = {
			isa = PBXGroup;
			children = (
				093C42FF1EAF37BA00F9C666 /* ErrorHandler.swift */,
				093C43191EAF3C5100F9C666 /* ErrorHandlerImplementation.swift */,
			);
			name = ErrorHandler;
			sourceTree = "<group>";
		};
		093C431E1EAF419500F9C666 /* Transport */ = {
			isa = PBXGroup;
			children = (
				093C43091EAF38BC00F9C666 /* Transport.swift */,
				093C431C1EAF418200F9C666 /* SessionManager.swift */,
				093C431F1EAF514F00F9C666 /* RequestRouter.swift */,
			);
			name = Transport;
			sourceTree = "<group>";
		};
		487370BD1BF67E0BFC9DC81F /* Frameworks */ = {
			isa = PBXGroup;
			children = (
				17552389210129C50DC3ABB8 /* Pods_TestAssignment_1.framework */,
			);
			name = Frameworks;
			sourceTree = "<group>";
		};
		FBBE12EEBF76AC2A21FD4FB9 /* Pods */ = {
			isa = PBXGroup;
			children = (
				11BE060E1537907BC8B81B3C /* Pods-TestAssignment-1.debug.xcconfig */,
				0153AD77117890D602A0DD8D /* Pods-TestAssignment-1.release.xcconfig */,
			);
			name = Pods;
			sourceTree = "<group>";
		};
/* End PBXGroup section */

/* Begin PBXNativeTarget section */
		09334E4A1E7E9BBC00F550B2 /* TestAssignment-1 */ = {
			isa = PBXNativeTarget;
			buildConfigurationList = 09334E601E7E9BBD00F550B2 /* Build configuration list for PBXNativeTarget "TestAssignment-1" */;
			buildPhases = (
				CE392FE6E9D530946BFC6844 /* [CP] Check Pods Manifest.lock */,
				09334E471E7E9BBC00F550B2 /* Sources */,
				09334E481E7E9BBC00F550B2 /* Frameworks */,
				09334E491E7E9BBC00F550B2 /* Resources */,
				BBBE1E713CC258F71BF9C9EE /* [CP] Embed Pods Frameworks */,
				3857249F01C6CA7F4AFC0572 /* [CP] Copy Pods Resources */,
			);
			buildRules = (
			);
			dependencies = (
			);
			name = "TestAssignment-1";
			productName = "TestAssignment-1";
			productReference = 09334E4B1E7E9BBD00F550B2 /* TestAssignment-1.app */;
			productType = "com.apple.product-type.application";
		};
/* End PBXNativeTarget section */

/* Begin PBXProject section */
		09334E431E7E9BBC00F550B2 /* Project object */ = {
			isa = PBXProject;
			attributes = {
				LastSwiftUpdateCheck = 0820;
				LastUpgradeCheck = 0830;
				ORGANIZATIONNAME = "Dudarenko Ilya";
				TargetAttributes = {
					09334E4A1E7E9BBC00F550B2 = {
						CreatedOnToolsVersion = 8.2;
						DevelopmentTeam = 9684X3D2N4;
						ProvisioningStyle = Automatic;
					};
				};
			};
			buildConfigurationList = 09334E461E7E9BBC00F550B2 /* Build configuration list for PBXProject "TestAssignment-1" */;
			compatibilityVersion = "Xcode 3.2";
			developmentRegion = English;
			hasScannedForEncodings = 0;
			knownRegions = (
				en,
				Base,
			);
			mainGroup = 09334E421E7E9BBC00F550B2;
			productRefGroup = 09334E4C1E7E9BBD00F550B2 /* Products */;
			projectDirPath = "";
			projectRoot = "";
			targets = (
				09334E4A1E7E9BBC00F550B2 /* TestAssignment-1 */,
			);
		};
/* End PBXProject section */

/* Begin PBXResourcesBuildPhase section */
		09334E491E7E9BBC00F550B2 /* Resources */ = {
			isa = PBXResourcesBuildPhase;
			buildActionMask = 2147483647;
			files = (
				09BC77951EAF8F730049D1E0 /* Main.storyboard in Resources */,
				09BC77941EAF8F700049D1E0 /* LaunchScreen.storyboard in Resources */,
				09334E591E7E9BBD00F550B2 /* Assets.xcassets in Resources */,
			);
			runOnlyForDeploymentPostprocessing = 0;
		};
/* End PBXResourcesBuildPhase section */

/* Begin PBXShellScriptBuildPhase section */
		3857249F01C6CA7F4AFC0572 /* [CP] Copy Pods Resources */ = {
			isa = PBXShellScriptBuildPhase;
			buildActionMask = 2147483647;
			files = (
			);
			inputPaths = (
			);
			name = "[CP] Copy Pods Resources";
			outputPaths = (
			);
			runOnlyForDeploymentPostprocessing = 0;
			shellPath = /bin/sh;
			shellScript = "\"${SRCROOT}/Pods/Target Support Files/Pods-TestAssignment-1/Pods-TestAssignment-1-resources.sh\"\n";
			showEnvVarsInLog = 0;
		};
		BBBE1E713CC258F71BF9C9EE /* [CP] Embed Pods Frameworks */ = {
			isa = PBXShellScriptBuildPhase;
			buildActionMask = 2147483647;
			files = (
			);
			inputPaths = (
			);
			name = "[CP] Embed Pods Frameworks";
			outputPaths = (
			);
			runOnlyForDeploymentPostprocessing = 0;
			shellPath = /bin/sh;
			shellScript = "\"${SRCROOT}/Pods/Target Support Files/Pods-TestAssignment-1/Pods-TestAssignment-1-frameworks.sh\"\n";
			showEnvVarsInLog = 0;
		};
		CE392FE6E9D530946BFC6844 /* [CP] Check Pods Manifest.lock */ = {
			isa = PBXShellScriptBuildPhase;
			buildActionMask = 2147483647;
			files = (
			);
			inputPaths = (
			);
			name = "[CP] Check Pods Manifest.lock";
			outputPaths = (
			);
			runOnlyForDeploymentPostprocessing = 0;
			shellPath = /bin/sh;
			shellScript = "diff \"${PODS_ROOT}/../Podfile.lock\" \"${PODS_ROOT}/Manifest.lock\" > /dev/null\nif [ $? != 0 ] ; then\n    # print error to STDERR\n    echo \"error: The sandbox is not in sync with the Podfile.lock. Run 'pod install' or update your CocoaPods installation.\" >&2\n    exit 1\nfi\n";
			showEnvVarsInLog = 0;
		};
/* End PBXShellScriptBuildPhase section */

/* Begin PBXSourcesBuildPhase section */
		09334E471E7E9BBC00F550B2 /* Sources */ = {
			isa = PBXSourcesBuildPhase;
			buildActionMask = 2147483647;
			files = (
				093C43021EAF386200F9C666 /* AppDelegate.swift in Sources */,
				096879121E882B63006120BC /* NewsDetailViewController.swift in Sources */,
				093C43171EAF3B3300F9C666 /* NewsDetailParser.swift in Sources */,
				093C431D1EAF418200F9C666 /* SessionManager.swift in Sources */,
				096879161E883F5B006120BC /* NewsTableViewCell.swift in Sources */,
				093C430B1EAF38BC00F9C666 /* Transport.swift in Sources */,
				09334E6F1E7EC35500F550B2 /* NewsServiceImplementation.swift in Sources */,
				090CE4921E9135C2001C5DED /* FetchedResultsControllerDataSource.swift in Sources */,
				093C431A1EAF3C5100F9C666 /* ErrorHandlerImplementation.swift in Sources */,
				093C43201EAF514F00F9C666 /* RequestRouter.swift in Sources */,
				093C43151EAF3AEC00F9C666 /* NewsListParser.swift in Sources */,
				090CE4891E9008F1001C5DED /* NewsRecord+CoreDataProperties.swift in Sources */,
				093C43061EAF387A00F9C666 /* String+html.swift in Sources */,
				09EC10341EAE9A4D001E861F /* NewsService.swift in Sources */,
				090CE4861E9008F1001C5DED /* NewsTitle+CoreDataClass.swift in Sources */,
				09718B261EAF8CE60064CB4D /* TestAssignment_1.xcdatamodeld in Sources */,
				093C43111EAF393F00F9C666 /* NewsCellViewModel.swift in Sources */,
				093C43001EAF37BA00F9C666 /* ErrorHandler.swift in Sources */,
				093C430F1EAF390900F9C666 /* CoreDataStack.swift in Sources */,
				09334E6D1E7EB43200F550B2 /* NewsListViewController.swift in Sources */,
				093C42FC1EAF378F00F9C666 /* Parser.swift in Sources */,
				090CE4871E9008F1001C5DED /* NewsTitle+CoreDataProperties.swift in Sources */,
				090CE4881E9008F1001C5DED /* NewsRecord+CoreDataClass.swift in Sources */,
			);
			runOnlyForDeploymentPostprocessing = 0;
		};
/* End PBXSourcesBuildPhase section */

/* Begin PBXVariantGroup section */
		09718B1E1EAF8CBF0064CB4D /* LaunchScreen.storyboard */ = {
			isa = PBXVariantGroup;
			children = (
				09718B1F1EAF8CBF0064CB4D /* Base */,
			);
			name = LaunchScreen.storyboard;
			sourceTree = "<group>";
		};
		09718B211EAF8CCA0064CB4D /* Main.storyboard */ = {
			isa = PBXVariantGroup;
			children = (
				09718B221EAF8CCA0064CB4D /* Base */,
			);
			name = Main.storyboard;
			sourceTree = "<group>";
		};
/* End PBXVariantGroup section */

/* Begin XCBuildConfiguration section */
		09334E5E1E7E9BBD00F550B2 /* Debug */ = {
			isa = XCBuildConfiguration;
			buildSettings = {
				ALWAYS_SEARCH_USER_PATHS = NO;
				CLANG_ANALYZER_NONNULL = YES;
				CLANG_CXX_LANGUAGE_STANDARD = "gnu++0x";
				CLANG_CXX_LIBRARY = "libc++";
				CLANG_ENABLE_MODULES = YES;
				CLANG_ENABLE_OBJC_ARC = YES;
				CLANG_WARN_BOOL_CONVERSION = YES;
				CLANG_WARN_CONSTANT_CONVERSION = YES;
				CLANG_WARN_DIRECT_OBJC_ISA_USAGE = YES_ERROR;
				CLANG_WARN_DOCUMENTATION_COMMENTS = YES;
				CLANG_WARN_EMPTY_BODY = YES;
				CLANG_WARN_ENUM_CONVERSION = YES;
				CLANG_WARN_INFINITE_RECURSION = YES;
				CLANG_WARN_INT_CONVERSION = YES;
				CLANG_WARN_OBJC_ROOT_CLASS = YES_ERROR;
				CLANG_WARN_SUSPICIOUS_MOVE = YES;
				CLANG_WARN_UNREACHABLE_CODE = YES;
				CLANG_WARN__DUPLICATE_METHOD_MATCH = YES;
				"CODE_SIGN_IDENTITY[sdk=iphoneos*]" = "iPhone Developer";
				COPY_PHASE_STRIP = NO;
				DEBUG_INFORMATION_FORMAT = dwarf;
				ENABLE_STRICT_OBJC_MSGSEND = YES;
				ENABLE_TESTABILITY = YES;
				GCC_C_LANGUAGE_STANDARD = gnu99;
				GCC_DYNAMIC_NO_PIC = NO;
				GCC_NO_COMMON_BLOCKS = YES;
				GCC_OPTIMIZATION_LEVEL = 0;
				GCC_PREPROCESSOR_DEFINITIONS = (
					"DEBUG=1",
					"$(inherited)",
				);
				GCC_WARN_64_TO_32_BIT_CONVERSION = YES;
				GCC_WARN_ABOUT_RETURN_TYPE = YES_ERROR;
				GCC_WARN_UNDECLARED_SELECTOR = YES;
				GCC_WARN_UNINITIALIZED_AUTOS = YES_AGGRESSIVE;
				GCC_WARN_UNUSED_FUNCTION = YES;
				GCC_WARN_UNUSED_VARIABLE = YES;
				IPHONEOS_DEPLOYMENT_TARGET = 10.2;
				MTL_ENABLE_DEBUG_INFO = YES;
				ONLY_ACTIVE_ARCH = YES;
				SDKROOT = iphoneos;
				SWIFT_ACTIVE_COMPILATION_CONDITIONS = DEBUG;
				SWIFT_OPTIMIZATION_LEVEL = "-Onone";
			};
			name = Debug;
		};
		09334E5F1E7E9BBD00F550B2 /* Release */ = {
			isa = XCBuildConfiguration;
			buildSettings = {
				ALWAYS_SEARCH_USER_PATHS = NO;
				CLANG_ANALYZER_NONNULL = YES;
				CLANG_CXX_LANGUAGE_STANDARD = "gnu++0x";
				CLANG_CXX_LIBRARY = "libc++";
				CLANG_ENABLE_MODULES = YES;
				CLANG_ENABLE_OBJC_ARC = YES;
				CLANG_WARN_BOOL_CONVERSION = YES;
				CLANG_WARN_CONSTANT_CONVERSION = YES;
				CLANG_WARN_DIRECT_OBJC_ISA_USAGE = YES_ERROR;
				CLANG_WARN_DOCUMENTATION_COMMENTS = YES;
				CLANG_WARN_EMPTY_BODY = YES;
				CLANG_WARN_ENUM_CONVERSION = YES;
				CLANG_WARN_INFINITE_RECURSION = YES;
				CLANG_WARN_INT_CONVERSION = YES;
				CLANG_WARN_OBJC_ROOT_CLASS = YES_ERROR;
				CLANG_WARN_SUSPICIOUS_MOVE = YES;
				CLANG_WARN_UNREACHABLE_CODE = YES;
				CLANG_WARN__DUPLICATE_METHOD_MATCH = YES;
				"CODE_SIGN_IDENTITY[sdk=iphoneos*]" = "iPhone Developer";
				COPY_PHASE_STRIP = NO;
				DEBUG_INFORMATION_FORMAT = "dwarf-with-dsym";
				ENABLE_NS_ASSERTIONS = NO;
				ENABLE_STRICT_OBJC_MSGSEND = YES;
				GCC_C_LANGUAGE_STANDARD = gnu99;
				GCC_NO_COMMON_BLOCKS = YES;
				GCC_WARN_64_TO_32_BIT_CONVERSION = YES;
				GCC_WARN_ABOUT_RETURN_TYPE = YES_ERROR;
				GCC_WARN_UNDECLARED_SELECTOR = YES;
				GCC_WARN_UNINITIALIZED_AUTOS = YES_AGGRESSIVE;
				GCC_WARN_UNUSED_FUNCTION = YES;
				GCC_WARN_UNUSED_VARIABLE = YES;
				IPHONEOS_DEPLOYMENT_TARGET = 10.2;
				MTL_ENABLE_DEBUG_INFO = NO;
				SDKROOT = iphoneos;
				SWIFT_OPTIMIZATION_LEVEL = "-Owholemodule";
				VALIDATE_PRODUCT = YES;
			};
			name = Release;
		};
		09334E611E7E9BBD00F550B2 /* Debug */ = {
			isa = XCBuildConfiguration;
			baseConfigurationReference = 11BE060E1537907BC8B81B3C /* Pods-TestAssignment-1.debug.xcconfig */;
			buildSettings = {
				ASSETCATALOG_COMPILER_APPICON_NAME = AppIcon;
				"CODE_SIGN_IDENTITY[sdk=iphoneos*]" = "iPhone Developer";
				DEVELOPMENT_TEAM = 9684X3D2N4;
				INFOPLIST_FILE = "$(SRCROOT)/TestAssignment-1/Supporting/Info.plist";
				IPHONEOS_DEPLOYMENT_TARGET = 10.0;
				LD_RUNPATH_SEARCH_PATHS = "$(inherited) @executable_path/Frameworks";
				PRODUCT_BUNDLE_IDENTIFIER = "DIO.TestAssignment-1";
				PRODUCT_NAME = "$(TARGET_NAME)";
				SWIFT_VERSION = 3.0;
			};
			name = Debug;
		};
		09334E621E7E9BBD00F550B2 /* Release */ = {
			isa = XCBuildConfiguration;
			baseConfigurationReference = 0153AD77117890D602A0DD8D /* Pods-TestAssignment-1.release.xcconfig */;
			buildSettings = {
				ASSETCATALOG_COMPILER_APPICON_NAME = AppIcon;
				"CODE_SIGN_IDENTITY[sdk=iphoneos*]" = "iPhone Developer";
				DEVELOPMENT_TEAM = 9684X3D2N4;
				INFOPLIST_FILE = "$(SRCROOT)/TestAssignment-1/Supporting/Info.plist";
				IPHONEOS_DEPLOYMENT_TARGET = 10.0;
				LD_RUNPATH_SEARCH_PATHS = "$(inherited) @executable_path/Frameworks";
				PRODUCT_BUNDLE_IDENTIFIER = "DIO.TestAssignment-1";
				PRODUCT_NAME = "$(TARGET_NAME)";
				SWIFT_VERSION = 3.0;
			};
			name = Release;
		};
/* End XCBuildConfiguration section */

/* Begin XCConfigurationList section */
		09334E461E7E9BBC00F550B2 /* Build configuration list for PBXProject "TestAssignment-1" */ = {
			isa = XCConfigurationList;
			buildConfigurations = (
				09334E5E1E7E9BBD00F550B2 /* Debug */,
				09334E5F1E7E9BBD00F550B2 /* Release */,
			);
			defaultConfigurationIsVisible = 0;
			defaultConfigurationName = Release;
		};
		09334E601E7E9BBD00F550B2 /* Build configuration list for PBXNativeTarget "TestAssignment-1" */ = {
			isa = XCConfigurationList;
			buildConfigurations = (
				09334E611E7E9BBD00F550B2 /* Debug */,
				09334E621E7E9BBD00F550B2 /* Release */,
			);
			defaultConfigurationIsVisible = 0;
			defaultConfigurationName = Release;
		};
/* End XCConfigurationList section */

/* Begin XCVersionGroup section */
		09718B241EAF8CE60064CB4D /* TestAssignment_1.xcdatamodeld */ = {
			isa = XCVersionGroup;
			children = (
				09718B251EAF8CE60064CB4D /* TestAssignment_1.xcdatamodel */,
			);
			currentVersion = 09718B251EAF8CE60064CB4D /* TestAssignment_1.xcdatamodel */;
			name = TestAssignment_1.xcdatamodeld;
			path = Logic/CoreData/TestAssignment_1.xcdatamodeld;
			sourceTree = "<group>";
			versionGroupType = wrapper.xcdatamodel;
		};
/* End XCVersionGroup section */
	};
	rootObject = 09334E431E7E9BBC00F550B2 /* Project object */;
}
